
Microsoft Visual Studio Solution File, Format Version 12.00
# Visual Studio Version 17
VisualStudioVersion = 17.2.32519.379
MinimumVisualStudioVersion = 10.0.40219.1
Project("{FAE04EC0-301F-11D3-BF4B-00C04F79EFBC}") = "WindowsFormsApp3", "WindowsFormsApp3\WindowsFormsApp3.csproj", "{FF9E3CA6-A9B7-4B03-A952-95F6C1A2C48E}"
EndProject
Global
	GlobalSection(SolutionConfigurationPlatforms) = preSolution
		Debug|Any CPU = Debug|Any CPU
		Release|Any CPU = Release|Any CPU
	EndGlobalSection
	GlobalSection(ProjectConfigurationPlatforms) = postSolution
		{FF9E3CA6-A9B7-4B03-A952-95F6C1A2C48E}.Debug|Any CPU.ActiveCfg = Debug|Any CPU
		{FF9E3CA6-A9B7-4B03-A952-95F6C1A2C48E}.Debug|Any CPU.Build.0 = Debug|Any CPU
		{FF9E3CA6-A9B7-4B03-A952-95F6C1A2C48E}.Release|Any CPU.ActiveCfg = Release|Any CPU
		{FF9E3CA6-A9B7-4B03-A952-95F6C1A2C48E}.Release|Any CPU.Build.0 = Release|Any CPU
	EndGlobalSection
	GlobalSection(SolutionProperties) = preSolution
		HideSolutionNode = FALSE
	EndGlobalSection
	GlobalSection(ExtensibilityGlobals) = postSolution
		SolutionGuid = {6F94664E-C9CE-46E5-8429-5CC0BDBDAEE8}
	EndGlobalSection
EndGlobal
